# @generated by Move, please check-in and do not edit manually.

[move]
version = 3
manifest_digest = "990AFFC2B61984290671B268B10DA2825ED31CC7B491E18E51FF13A81F4C33EC"
deps_digest = "F8BBB0CCB2491CA29A3DF03D6F92277A4F3574266507ACD77214D37ECA3F3082"
dependencies = [
  { id = "Sui", name = "Sui" },
]

[[move.package]]
id = "MoveStdlib"
source = { git = "https://github.com/MystenLabs/sui.git", rev = "framework/testnet", subdir = "crates\\sui-framework\\packages\\move-stdlib" }

[[move.package]]
id = "Sui"
source = { git = "https://github.com/MystenLabs/sui.git", rev = "framework/testnet", subdir = "crates/sui-framework/packages/sui-framework" }

dependencies = [
  { id = "MoveStdlib", name = "MoveStdlib" },
]

[move.toolchain-version]
compiler-version = "1.61.2"
edition = "2024"
flavor = "sui"

[env]

[env.testnet]
chain-id = "4c78adac"
original-published-id = "0xd9ccc138fe0cef281afa853b1bd4e0f2e7a372449920c51c0adc78483a2f6c4e"
latest-published-id = "0xd9ccc138fe0cef281afa853b1bd4e0f2e7a372449920c51c0adc78483a2f6c4e"
published-version = "1"
